<?xml version="1.0" encoding="utf-8"?>
<Project ToolsVersion="4.0" xmlns="http://schemas.microsoft.com/developer/msbuild/2003">
  <ItemGroup>
    <Filter Include="Source Files">
      <UniqueIdentifier>{4FC737F1-C7A5-4376-A066-2A32D752A2FF}</UniqueIdentifier>
      <Extensions>cpp;c;cc;cxx;c++;cppm;ixx;def;odl;idl;hpj;bat;asm;asmx</Extensions>
    </Filter>
    <Filter Include="Resource Files">
      <UniqueIdentifier>{67DA6AB6-F800-4c08-8B7A-83BB121AAD01}</UniqueIdentifier>
      <Extensions>rc;ico;cur;bmp;dlg;rc2;rct;bin;rgs;gif;jpg;jpeg;jpe;resx;tiff;tif;png;wav;mfcribbon-ms</Extensions>
    </Filter>
    <Filter Include="Header Files">
      <UniqueIdentifier>{93995380-89BD-4b04-88EB-625FBE52EBFB}</UniqueIdentifier>
      <Extensions>h;hh;hpp;hxx;h++;hm;inl;inc;ipp;xsd</Extensions>
    </Filter>
  </ItemGroup>
  <ItemGroup>
    <ClInclude Include="include\3Dgraphics\constants.h">
      <Filter>Header Files</Filter>
    </ClInclude>
    <ClInclude Include="include\3Dgraphics\line.h">
      <Filter>Header Files</Filter>
    </ClInclude>
    <ClInclude Include="include\3Dgraphics\material.h">
      <Filter>Header Files</Filter>
    </ClInclude>
    <ClInclude Include="include\3Dgraphics\mesh.h">
      <Filter>Header Files</Filter>
    </ClInclude>
    <ClInclude Include="include\3Dgraphics\pixel.h">
      <Filter>Header Files</Filter>
    </ClInclude>
    <ClInclude Include="include\3Dgraphics\plane.h">
      <Filter>Header Files</Filter>
    </ClInclude>
    <ClInclude Include="include\3Dgraphics\point.h">
      <Filter>Header Files</Filter>
    </ClInclude>
    <ClInclude Include="include\3Dgraphics\polygon.h">
      <Filter>Header Files</Filter>
    </ClInclude>
    <ClInclude Include="include\3Dgraphics\scene.h">
      <Filter>Header Files</Filter>
    </ClInclude>
    <ClInclude Include="include\3Dgraphics\shaders.h">
      <Filter>Header Files</Filter>
    </ClInclude>
    <ClInclude Include="include\3Dgraphics\shape_presets.h">
      <Filter>Header Files</Filter>
    </ClInclude>
    <ClInclude Include="include\3Dgraphics\vector.h">
      <Filter>Header Files</Filter>
    </ClInclude>
    <ClInclude Include="include\3Dgraphics\angle.h">
      <Filter>Header Files</Filter>
    </ClInclude>
    <ClInclude Include="include\3Dgraphics\camera.h">
      <Filter>Header Files</Filter>
    </ClInclude>
    <ClInclude Include="include\3Dgraphics\3Dgraphics.h">
      <Filter>Header Files</Filter>
    </ClInclude>
  </ItemGroup>
  <ItemGroup>
    <ClCompile Include="src\mesh.cpp">
      <Filter>Source Files</Filter>
    </ClCompile>
    <ClCompile Include="src\plane.cpp">
      <Filter>Source Files</Filter>
    </ClCompile>
    <ClCompile Include="src\point.cpp">
      <Filter>Source Files</Filter>
    </ClCompile>
    <ClCompile Include="src\polygon.cpp">
      <Filter>Source Files</Filter>
    </ClCompile>
    <ClCompile Include="src\scene.cpp">
      <Filter>Source Files</Filter>
    </ClCompile>
    <ClCompile Include="src\shape_presets.cpp">
      <Filter>Source Files</Filter>
    </ClCompile>
    <ClCompile Include="src\vector.cpp">
      <Filter>Source Files</Filter>
    </ClCompile>
    <ClCompile Include="src\angle.cpp">
      <Filter>Source Files</Filter>
    </ClCompile>
    <ClCompile Include="src\camera.cpp">
      <Filter>Source Files</Filter>
    </ClCompile>
    <ClCompile Include="src\line.cpp">
      <Filter>Source Files</Filter>
    </ClCompile>
    <ClCompile Include="src\material.cpp">
      <Filter>Source Files</Filter>
    </ClCompile>
  </ItemGroup>
</Project>